
Microsoft Visual Studio Solution File, Format Version 12.00
Project("{FAE04EC0-301F-11D3-BF4B-00C04F79EFBC}") = "GylleneDroppen.Infrastructure", "GylleneDroppen.Infrastructure\GylleneDroppen.Infrastructure.csproj", "{B83BAD4D-1BC7-4A61-89AA-306772C12466}"
EndProject
Project("{FAE04EC0-301F-11D3-BF4B-00C04F79EFBC}") = "GylleneDroppen.Infrastructure.Tests", "GylleneDroppen.Infrastructure.Tests\GylleneDroppen.Infrastructure.Tests.csproj", "{C46ED980-561E-4AAD-A9C1-4EDDBEB13F1F}"
EndProject
Project("{FAE04EC0-301F-11D3-BF4B-00C04F79EFBC}") = "GylleneDroppen.Client.Api", "GylleneDroppen.Client.Api\GylleneDroppen.Client.Api.csproj", "{8C85302A-9598-464D-86A4-7F8F79184D41}"
EndProject
Global
	GlobalSection(SolutionConfigurationPlatforms) = preSolution
		Debug|Any CPU = Debug|Any CPU
		Release|Any CPU = Release|Any CPU
	EndGlobalSection
	GlobalSection(ProjectConfigurationPlatforms) = postSolution
		{B83BAD4D-1BC7-4A61-89AA-306772C12466}.Debug|Any CPU.ActiveCfg = Debug|Any CPU
		{B83BAD4D-1BC7-4A61-89AA-306772C12466}.Debug|Any CPU.Build.0 = Debug|Any CPU
		{B83BAD4D-1BC7-4A61-89AA-306772C12466}.Release|Any CPU.ActiveCfg = Release|Any CPU
		{B83BAD4D-1BC7-4A61-89AA-306772C12466}.Release|Any CPU.Build.0 = Release|Any CPU
		{C46ED980-561E-4AAD-A9C1-4EDDBEB13F1F}.Debug|Any CPU.ActiveCfg = Debug|Any CPU
		{C46ED980-561E-4AAD-A9C1-4EDDBEB13F1F}.Debug|Any CPU.Build.0 = Debug|Any CPU
		{C46ED980-561E-4AAD-A9C1-4EDDBEB13F1F}.Release|Any CPU.ActiveCfg = Release|Any CPU
		{C46ED980-561E-4AAD-A9C1-4EDDBEB13F1F}.Release|Any CPU.Build.0 = Release|Any CPU
		{8C85302A-9598-464D-86A4-7F8F79184D41}.Debug|Any CPU.ActiveCfg = Debug|Any CPU
		{8C85302A-9598-464D-86A4-7F8F79184D41}.Debug|Any CPU.Build.0 = Debug|Any CPU
		{8C85302A-9598-464D-86A4-7F8F79184D41}.Release|Any CPU.ActiveCfg = Release|Any CPU
		{8C85302A-9598-464D-86A4-7F8F79184D41}.Release|Any CPU.Build.0 = Release|Any CPU
	EndGlobalSection
EndGlobal
