
Microsoft Visual Studio Solution File, Format Version 12.00
Project("{FAE04EC0-301F-11D3-BF4B-00C04F79EFBC}") = "GylleneDroppen.Admin.Api", "GylleneDroppen.Admin.Api\GylleneDroppen.Admin.Api.csproj", "{6485DE9B-1AC5-4E74-8113-E814F25F4053}"
EndProject
Global
	GlobalSection(SolutionConfigurationPlatforms) = preSolution
		Debug|Any CPU = Debug|Any CPU
		Release|Any CPU = Release|Any CPU
	EndGlobalSection
	GlobalSection(ProjectConfigurationPlatforms) = postSolution
		{6485DE9B-1AC5-4E74-8113-E814F25F4053}.Debug|Any CPU.ActiveCfg = Debug|Any CPU
		{6485DE9B-1AC5-4E74-8113-E814F25F4053}.Debug|Any CPU.Build.0 = Debug|Any CPU
		{6485DE9B-1AC5-4E74-8113-E814F25F4053}.Release|Any CPU.ActiveCfg = Release|Any CPU
		{6485DE9B-1AC5-4E74-8113-E814F25F4053}.Release|Any CPU.Build.0 = Release|Any CPU
	EndGlobalSection
EndGlobal
